
Microsoft Visual Studio Solution File, Format Version 12.00
# Visual Studio Version 16
VisualStudioVersion = 16.0.33927.289
MinimumVisualStudioVersion = 10.0.40219.1
Project("{FAE04EC0-301F-11D3-BF4B-00C04F79EFBC}") = "nombreDeJuego", "nombreDeLuchador\nombreDeJuego.csproj", "{DFF91AB2-8086-48F1-8507-6711586D8E44}"
EndProject
Global
	GlobalSection(SolutionConfigurationPlatforms) = preSolution
		Debug|Any CPU = Debug|Any CPU
		Release|Any CPU = Release|Any CPU
	EndGlobalSection
	GlobalSection(ProjectConfigurationPlatforms) = postSolution
		{DFF91AB2-8086-48F1-8507-6711586D8E44}.Debug|Any CPU.ActiveCfg = Debug|Any CPU
		{DFF91AB2-8086-48F1-8507-6711586D8E44}.Debug|Any CPU.Build.0 = Debug|Any CPU
		{DFF91AB2-8086-48F1-8507-6711586D8E44}.Release|Any CPU.ActiveCfg = Release|Any CPU
		{DFF91AB2-8086-48F1-8507-6711586D8E44}.Release|Any CPU.Build.0 = Release|Any CPU
	EndGlobalSection
	GlobalSection(SolutionProperties) = preSolution
		HideSolutionNode = FALSE
	EndGlobalSection
	GlobalSection(ExtensibilityGlobals) = postSolution
		SolutionGuid = {F3FABEC6-354D-42B9-BFB1-088BD29551CF}
	EndGlobalSection
EndGlobal
