
Microsoft Visual Studio Solution File, Format Version 12.00
# Visual Studio Version 17
VisualStudioVersion = 17.6.33829.357
MinimumVisualStudioVersion = 10.0.40219.1
Project("{FAE04EC0-301F-11D3-BF4B-00C04F79EFBC}") = "generadordenombress", "..\..\..\..\source\repos\generadordenombress\generadordenombress\generadordenombress.csproj", "{AAF03453-CA65-45EB-B582-244DED26C98F}"
EndProject
Global
	GlobalSection(SolutionConfigurationPlatforms) = preSolution
		Debug|Any CPU = Debug|Any CPU
		Release|Any CPU = Release|Any CPU
	EndGlobalSection
	GlobalSection(ProjectConfigurationPlatforms) = postSolution
		{AAF03453-CA65-45EB-B582-244DED26C98F}.Debug|Any CPU.ActiveCfg = Debug|Any CPU
		{AAF03453-CA65-45EB-B582-244DED26C98F}.Debug|Any CPU.Build.0 = Debug|Any CPU
		{AAF03453-CA65-45EB-B582-244DED26C98F}.Release|Any CPU.ActiveCfg = Release|Any CPU
		{AAF03453-CA65-45EB-B582-244DED26C98F}.Release|Any CPU.Build.0 = Release|Any CPU
	EndGlobalSection
	GlobalSection(SolutionProperties) = preSolution
		HideSolutionNode = FALSE
	EndGlobalSection
	GlobalSection(ExtensibilityGlobals) = postSolution
		SolutionGuid = {0A08DEAA-731D-468B-938A-3291C86D687A}
	EndGlobalSection
EndGlobal
